<?xml version="1.0" encoding="utf-8"?>
<Project ToolsVersion="18.0" xmlns="http://schemas.microsoft.com/developer/msbuild/2003">
  <ItemGroup>
    <CustomBuild Include="C:\Users\Hunter\Documents\GitHub\INIX\build-msvc\CMakeFiles\456d6ea6e26e5ab73e881e128ae9e89a\update_translations.rule">
      <Filter>CMake Rules</Filter>
    </CustomBuild>
    <CustomBuild Include="C:\Users\Hunter\Documents\GitHub\INIX\CMakeLists.txt" />
  </ItemGroup>
  <ItemGroup>
    <None Include="C:\Users\Hunter\Documents\GitHub\INIX\build-msvc\CMakeFiles\update_translations" />
  </ItemGroup>
  <ItemGroup>
    <Filter Include="CMake Rules">
      <UniqueIdentifier>{5C3CDBFB-2263-3CA3-B3D7-2083B24EE33B}</UniqueIdentifier>
    </Filter>
  </ItemGroup>
</Project>
